
Microsoft Visual Studio Solution File, Format Version 12.00
# Visual Studio Version 16
VisualStudioVersion = 16.0.31424.327
MinimumVisualStudioVersion = 10.0.40219.1
Project("{FAE04EC0-301F-11D3-BF4B-00C04F79EFBC}") = "aplHotel", "aplHotel\aplHotel.csproj", "{2E02842E-CA99-4708-8E71-E183E42EEDF6}"
EndProject
Global
	GlobalSection(SolutionConfigurationPlatforms) = preSolution
		Debug|Any CPU = Debug|Any CPU
		Release|Any CPU = Release|Any CPU
	EndGlobalSection
	GlobalSection(ProjectConfigurationPlatforms) = postSolution
		{2E02842E-CA99-4708-8E71-E183E42EEDF6}.Debug|Any CPU.ActiveCfg = Debug|Any CPU
		{2E02842E-CA99-4708-8E71-E183E42EEDF6}.Debug|Any CPU.Build.0 = Debug|Any CPU
		{2E02842E-CA99-4708-8E71-E183E42EEDF6}.Release|Any CPU.ActiveCfg = Release|Any CPU
		{2E02842E-CA99-4708-8E71-E183E42EEDF6}.Release|Any CPU.Build.0 = Release|Any CPU
	EndGlobalSection
	GlobalSection(SolutionProperties) = preSolution
		HideSolutionNode = FALSE
	EndGlobalSection
	GlobalSection(ExtensibilityGlobals) = postSolution
		SolutionGuid = {3AFB88FE-2069-4453-B117-97E3F73EBF76}
	EndGlobalSection
EndGlobal
